// !$*UTF8*$!
{
	archiveVersion = 1;
	classes = {
	};
	objectVersion = 56;
	objects = {

/* Begin PBXBuildFile section */
		1770B0E52B641ADE000EF6A9 /* AppDelegate.swift in Sources */ = {isa = PBXBuildFile; fileRef = 1770B0E42B641ADE000EF6A9 /* AppDelegate.swift */; };
		1770B0E72B641ADE000EF6A9 /* SceneDelegate.swift in Sources */ = {isa = PBXBuildFile; fileRef = 1770B0E62B641ADE000EF6A9 /* SceneDelegate.swift */; };
		1770B0E92B641ADE000EF6A9 /* TabBarController.swift in Sources */ = {isa = PBXBuildFile; fileRef = 1770B0E82B641ADE000EF6A9 /* TabBarController.swift */; };
		1770B0EC2B641ADE000EF6A9 /* Main.storyboard in Resources */ = {isa = PBXBuildFile; fileRef = 1770B0EA2B641ADE000EF6A9 /* Main.storyboard */; };
		1770B0F12B641ADF000EF6A9 /* Assets.xcassets in Resources */ = {isa = PBXBuildFile; fileRef = 1770B0F02B641ADF000EF6A9 /* Assets.xcassets */; };
		1770B0F42B641ADF000EF6A9 /* LaunchScreen.storyboard in Resources */ = {isa = PBXBuildFile; fileRef = 1770B0F22B641ADF000EF6A9 /* LaunchScreen.storyboard */; };
		179568A82B671145005CE021 /* filemanager.js in Resources */ = {isa = PBXBuildFile; fileRef = 179568A62B671145005CE021 /* filemanager.js */; };
		179568A92B671145005CE021 /* index.html in Resources */ = {isa = PBXBuildFile; fileRef = 179568A72B671145005CE021 /* index.html */; };
		179568AB2B6711F8005CE021 /* ConsoleFileManager.swift in Sources */ = {isa = PBXBuildFile; fileRef = 179568AA2B6711F8005CE021 /* ConsoleFileManager.swift */; };
		17D840192B6665830080D25E /* WebServerManager.swift in Sources */ = {isa = PBXBuildFile; fileRef = 17D840182B6665830080D25E /* WebServerManager.swift */; };
		7C404BC3231C7BBEFDA1AD04 /* Pods_Audio_Book_Player.framework in Frameworks */ = {isa = PBXBuildFile; fileRef = A6CA10DA5E9F06599A8D3CD2 /* Pods_Audio_Book_Player.framework */; };
/* End PBXBuildFile section */

/* Begin PBXFileReference section */
		1770B0E42B641ADE000EF6A9 /* AppDelegate.swift */ = {isa = PBXFileReference; lastKnownFileType = sourcecode.swift; path = AppDelegate.swift; sourceTree = "<group>"; };
		1770B0E62B641ADE000EF6A9 /* SceneDelegate.swift */ = {isa = PBXFileReference; lastKnownFileType = sourcecode.swift; path = SceneDelegate.swift; sourceTree = "<group>"; };
		1770B0E82B641ADE000EF6A9 /* TabBarController.swift */ = {isa = PBXFileReference; lastKnownFileType = sourcecode.swift; path = TabBarController.swift; sourceTree = "<group>"; };
		1770B0EB2B641ADE000EF6A9 /* Base */ = {isa = PBXFileReference; lastKnownFileType = file.storyboard; name = Base; path = Base.lproj/Main.storyboard; sourceTree = "<group>"; };
		1770B0F02B641ADF000EF6A9 /* Assets.xcassets */ = {isa = PBXFileReference; lastKnownFileType = folder.assetcatalog; path = Assets.xcassets; sourceTree = "<group>"; };
		1770B0F32B641ADF000EF6A9 /* Base */ = {isa = PBXFileReference; lastKnownFileType = file.storyboard; name = Base; path = Base.lproj/LaunchScreen.storyboard; sourceTree = "<group>"; };
		1770B0F52B641ADF000EF6A9 /* Info.plist */ = {isa = PBXFileReference; lastKnownFileType = text.plist.xml; path = Info.plist; sourceTree = "<group>"; };
		179568992B66875A005CE021 /* Audio Book Player.app */ = {isa = PBXFileReference; explicitFileType = wrapper.application; includeInIndex = 0; path = "Audio Book Player.app"; sourceTree = BUILT_PRODUCTS_DIR; };
		179568A62B671145005CE021 /* filemanager.js */ = {isa = PBXFileReference; fileEncoding = 4; lastKnownFileType = sourcecode.javascript; path = filemanager.js; sourceTree = "<group>"; };
		179568A72B671145005CE021 /* index.html */ = {isa = PBXFileReference; fileEncoding = 4; lastKnownFileType = text.html; path = index.html; sourceTree = "<group>"; };
		179568AA2B6711F8005CE021 /* ConsoleFileManager.swift */ = {isa = PBXFileReference; lastKnownFileType = sourcecode.swift; path = ConsoleFileManager.swift; sourceTree = "<group>"; };
		17D840182B6665830080D25E /* WebServerManager.swift */ = {isa = PBXFileReference; lastKnownFileType = sourcecode.swift; path = WebServerManager.swift; sourceTree = "<group>"; };
		A6CA10DA5E9F06599A8D3CD2 /* Pods_Audio_Book_Player.framework */ = {isa = PBXFileReference; explicitFileType = wrapper.framework; includeInIndex = 0; path = Pods_Audio_Book_Player.framework; sourceTree = BUILT_PRODUCTS_DIR; };
		ADFA7C9E1B106AB534C19F39 /* Pods-Audio Book Player.release.xcconfig */ = {isa = PBXFileReference; includeInIndex = 1; lastKnownFileType = text.xcconfig; name = "Pods-Audio Book Player.release.xcconfig"; path = "Target Support Files/Pods-Audio Book Player/Pods-Audio Book Player.release.xcconfig"; sourceTree = "<group>"; };
		F46CA85534449E0A0685B037 /* Pods-Audio Book Player.debug.xcconfig */ = {isa = PBXFileReference; includeInIndex = 1; lastKnownFileType = text.xcconfig; name = "Pods-Audio Book Player.debug.xcconfig"; path = "Target Support Files/Pods-Audio Book Player/Pods-Audio Book Player.debug.xcconfig"; sourceTree = "<group>"; };
/* End PBXFileReference section */

/* Begin PBXFrameworksBuildPhase section */
		1770B0DE2B641ADE000EF6A9 /* Frameworks */ = {
			isa = PBXFrameworksBuildPhase;
			buildActionMask = 2147483647;
			files = (
				7C404BC3231C7BBEFDA1AD04 /* Pods_Audio_Book_Player.framework in Frameworks */,
			);
			runOnlyForDeploymentPostprocessing = 0;
		};
/* End PBXFrameworksBuildPhase section */

/* Begin PBXGroup section */
		1770B0D82B641ADD000EF6A9 = {
			isa = PBXGroup;
			children = (
				17D840122B6663A10080D25E /* server */,
				1770B0E32B641ADE000EF6A9 /* Audio Book Player */,
				39807BB29418BDB15D2EEF8C /* Pods */,
				54A606EEC9CF386DD7AD6F5B /* Frameworks */,
				179568992B66875A005CE021 /* Audio Book Player.app */,
			);
			sourceTree = "<group>";
		};
		1770B0E32B641ADE000EF6A9 /* Audio Book Player */ = {
			isa = PBXGroup;
			children = (
				1770B0E42B641ADE000EF6A9 /* AppDelegate.swift */,
				1770B0E62B641ADE000EF6A9 /* SceneDelegate.swift */,
				1770B0E82B641ADE000EF6A9 /* TabBarController.swift */,
				1770B0EA2B641ADE000EF6A9 /* Main.storyboard */,
				1770B0F22B641ADF000EF6A9 /* LaunchScreen.storyboard */,
				1770B0F02B641ADF000EF6A9 /* Assets.xcassets */,
				1770B0F52B641ADF000EF6A9 /* Info.plist */,
			);
			path = "Audio Book Player";
			sourceTree = "<group>";
		};
		1795689A2B670B25005CE021 /* site */ = {
			isa = PBXGroup;
			children = (
				179568A72B671145005CE021 /* index.html */,
				179568A62B671145005CE021 /* filemanager.js */,
			);
			path = site;
			sourceTree = "<group>";
		};
		17D840122B6663A10080D25E /* server */ = {
			isa = PBXGroup;
			children = (
				1795689A2B670B25005CE021 /* site */,
				17D840182B6665830080D25E /* WebServerManager.swift */,
				179568AA2B6711F8005CE021 /* ConsoleFileManager.swift */,
			);
			path = server;
			sourceTree = "<group>";
		};
		39807BB29418BDB15D2EEF8C /* Pods */ = {
			isa = PBXGroup;
			children = (
				F46CA85534449E0A0685B037 /* Pods-Audio Book Player.debug.xcconfig */,
				ADFA7C9E1B106AB534C19F39 /* Pods-Audio Book Player.release.xcconfig */,
			);
			path = Pods;
			sourceTree = "<group>";
		};
		54A606EEC9CF386DD7AD6F5B /* Frameworks */ = {
			isa = PBXGroup;
			children = (
				A6CA10DA5E9F06599A8D3CD2 /* Pods_Audio_Book_Player.framework */,
			);
			name = Frameworks;
			sourceTree = "<group>";
		};
/* End PBXGroup section */

/* Begin PBXNativeTarget section */
		1770B0E02B641ADE000EF6A9 /* Audio Book Player */ = {
			isa = PBXNativeTarget;
			buildConfigurationList = 1770B0F82B641ADF000EF6A9 /* Build configuration list for PBXNativeTarget "Audio Book Player" */;
			buildPhases = (
				5F9ED79668DD5D4616C122AC /* [CP] Check Pods Manifest.lock */,
				1770B0DD2B641ADE000EF6A9 /* Sources */,
				1770B0DE2B641ADE000EF6A9 /* Frameworks */,
				1770B0DF2B641ADE000EF6A9 /* Resources */,
				4A68B92EAFE5F6021994A0FA /* [CP] Embed Pods Frameworks */,
			);
			buildRules = (
			);
			dependencies = (
			);
			name = "Audio Book Player";
			productName = "Audio Book Player";
			productReference = 179568992B66875A005CE021 /* Audio Book Player.app */;
			productType = "com.apple.product-type.application";
		};
/* End PBXNativeTarget section */

/* Begin PBXProject section */
		1770B0D92B641ADD000EF6A9 /* Project object */ = {
			isa = PBXProject;
			attributes = {
				BuildIndependentTargetsInParallel = 1;
				LastSwiftUpdateCheck = 1520;
				LastUpgradeCheck = 1520;
				TargetAttributes = {
					1770B0E02B641ADE000EF6A9 = {
						CreatedOnToolsVersion = 15.2;
						LastSwiftMigration = 1520;
					};
				};
			};
			buildConfigurationList = 1770B0DC2B641ADD000EF6A9 /* Build configuration list for PBXProject "Audio Book Player" */;
			compatibilityVersion = "Xcode 14.0";
			developmentRegion = en;
			hasScannedForEncodings = 0;
			knownRegions = (
				en,
				Base,
			);
			mainGroup = 1770B0D82B641ADD000EF6A9;
			productRefGroup = 1770B0D82B641ADD000EF6A9;
			projectDirPath = "";
			projectRoot = "";
			targets = (
				1770B0E02B641ADE000EF6A9 /* Audio Book Player */,
			);
		};
/* End PBXProject section */

/* Begin PBXResourcesBuildPhase section */
		1770B0DF2B641ADE000EF6A9 /* Resources */ = {
			isa = PBXResourcesBuildPhase;
			buildActionMask = 2147483647;
			files = (
				179568A92B671145005CE021 /* index.html in Resources */,
				179568A82B671145005CE021 /* filemanager.js in Resources */,
				1770B0F42B641ADF000EF6A9 /* LaunchScreen.storyboard in Resources */,
				1770B0F12B641ADF000EF6A9 /* Assets.xcassets in Resources */,
				1770B0EC2B641ADE000EF6A9 /* Main.storyboard in Resources */,
			);
			runOnlyForDeploymentPostprocessing = 0;
		};
/* End PBXResourcesBuildPhase section */

/* Begin PBXShellScriptBuildPhase section */
		4A68B92EAFE5F6021994A0FA /* [CP] Embed Pods Frameworks */ = {
			isa = PBXShellScriptBuildPhase;
			buildActionMask = 2147483647;
			files = (
			);
			inputFileListPaths = (
				"${PODS_ROOT}/Target Support Files/Pods-Audio Book Player/Pods-Audio Book Player-frameworks-${CONFIGURATION}-input-files.xcfilelist",
			);
			name = "[CP] Embed Pods Frameworks";
			outputFileListPaths = (
				"${PODS_ROOT}/Target Support Files/Pods-Audio Book Player/Pods-Audio Book Player-frameworks-${CONFIGURATION}-output-files.xcfilelist",
			);
			runOnlyForDeploymentPostprocessing = 0;
			shellPath = /bin/sh;
			shellScript = "\"${PODS_ROOT}/Target Support Files/Pods-Audio Book Player/Pods-Audio Book Player-frameworks.sh\"\n";
			showEnvVarsInLog = 0;
		};
		5F9ED79668DD5D4616C122AC /* [CP] Check Pods Manifest.lock */ = {
			isa = PBXShellScriptBuildPhase;
			buildActionMask = 2147483647;
			files = (
			);
			inputFileListPaths = (
			);
			inputPaths = (
				"${PODS_PODFILE_DIR_PATH}/Podfile.lock",
				"${PODS_ROOT}/Manifest.lock",
			);
			name = "[CP] Check Pods Manifest.lock";
			outputFileListPaths = (
			);
			outputPaths = (
				"$(DERIVED_FILE_DIR)/Pods-Audio Book Player-checkManifestLockResult.txt",
			);
			runOnlyForDeploymentPostprocessing = 0;
			shellPath = /bin/sh;
			shellScript = "diff \"${PODS_PODFILE_DIR_PATH}/Podfile.lock\" \"${PODS_ROOT}/Manifest.lock\" > /dev/null\nif [ $? != 0 ] ; then\n    # print error to STDERR\n    echo \"error: The sandbox is not in sync with the Podfile.lock. Run 'pod install' or update your CocoaPods installation.\" >&2\n    exit 1\nfi\n# This output is used by Xcode 'outputs' to avoid re-running this script phase.\necho \"SUCCESS\" > \"${SCRIPT_OUTPUT_FILE_0}\"\n";
			showEnvVarsInLog = 0;
		};
/* End PBXShellScriptBuildPhase section */

/* Begin PBXSourcesBuildPhase section */
		1770B0DD2B641ADE000EF6A9 /* Sources */ = {
			isa = PBXSourcesBuildPhase;
			buildActionMask = 2147483647;
			files = (
				1770B0E92B641ADE000EF6A9 /* TabBarController.swift in Sources */,
				17D840192B6665830080D25E /* WebServerManager.swift in Sources */,
				1770B0E52B641ADE000EF6A9 /* AppDelegate.swift in Sources */,
				1770B0E72B641ADE000EF6A9 /* SceneDelegate.swift in Sources */,
				179568AB2B6711F8005CE021 /* ConsoleFileManager.swift in Sources */,
			);
			runOnlyForDeploymentPostprocessing = 0;
		};
/* End PBXSourcesBuildPhase section */

/* Begin PBXVariantGroup section */
		1770B0EA2B641ADE000EF6A9 /* Main.storyboard */ = {
			isa = PBXVariantGroup;
			children = (
				1770B0EB2B641ADE000EF6A9 /* Base */,
			);
			name = Main.storyboard;
			sourceTree = "<group>";
		};
		1770B0F22B641ADF000EF6A9 /* LaunchScreen.storyboard */ = {
			isa = PBXVariantGroup;
			children = (
				1770B0F32B641ADF000EF6A9 /* Base */,
			);
			name = LaunchScreen.storyboard;
			sourceTree = "<group>";
		};
/* End PBXVariantGroup section */

/* Begin XCBuildConfiguration section */
		1770B0F62B641ADF000EF6A9 /* Debug */ = {
			isa = XCBuildConfiguration;
			buildSettings = {
				ALWAYS_SEARCH_USER_PATHS = NO;
				ASSETCATALOG_COMPILER_GENERATE_SWIFT_ASSET_SYMBOL_EXTENSIONS = YES;
				CLANG_ANALYZER_NONNULL = YES;
				CLANG_ANALYZER_NUMBER_OBJECT_CONVERSION = YES_AGGRESSIVE;
				CLANG_CXX_LANGUAGE_STANDARD = "gnu++20";
				CLANG_ENABLE_MODULES = YES;
				CLANG_ENABLE_OBJC_ARC = YES;
				CLANG_ENABLE_OBJC_WEAK = YES;
				CLANG_WARN_BLOCK_CAPTURE_AUTORELEASING = YES;
				CLANG_WARN_BOOL_CONVERSION = YES;
				CLANG_WARN_COMMA = YES;
				CLANG_WARN_CONSTANT_CONVERSION = YES;
				CLANG_WARN_DEPRECATED_OBJC_IMPLEMENTATIONS = YES;
				CLANG_WARN_DIRECT_OBJC_ISA_USAGE = YES_ERROR;
				CLANG_WARN_DOCUMENTATION_COMMENTS = YES;
				CLANG_WARN_EMPTY_BODY = YES;
				CLANG_WARN_ENUM_CONVERSION = YES;
				CLANG_WARN_INFINITE_RECURSION = YES;
				CLANG_WARN_INT_CONVERSION = YES;
				CLANG_WARN_NON_LITERAL_NULL_CONVERSION = YES;
				CLANG_WARN_OBJC_IMPLICIT_RETAIN_SELF = YES;
				CLANG_WARN_OBJC_LITERAL_CONVERSION = YES;
				CLANG_WARN_OBJC_ROOT_CLASS = YES_ERROR;
				CLANG_WARN_QUOTED_INCLUDE_IN_FRAMEWORK_HEADER = YES;
				CLANG_WARN_RANGE_LOOP_ANALYSIS = YES;
				CLANG_WARN_STRICT_PROTOTYPES = YES;
				CLANG_WARN_SUSPICIOUS_MOVE = YES;
				CLANG_WARN_UNGUARDED_AVAILABILITY = YES_AGGRESSIVE;
				CLANG_WARN_UNREACHABLE_CODE = YES;
				CLANG_WARN__DUPLICATE_METHOD_MATCH = YES;
				COPY_PHASE_STRIP = NO;
				DEBUG_INFORMATION_FORMAT = dwarf;
				ENABLE_STRICT_OBJC_MSGSEND = YES;
				ENABLE_TESTABILITY = YES;
				ENABLE_USER_SCRIPT_SANDBOXING = YES;
				GCC_C_LANGUAGE_STANDARD = gnu17;
				GCC_DYNAMIC_NO_PIC = NO;
				GCC_NO_COMMON_BLOCKS = YES;
				GCC_OPTIMIZATION_LEVEL = 0;
				GCC_PREPROCESSOR_DEFINITIONS = (
					"DEBUG=1",
					"$(inherited)",
				);
				GCC_WARN_64_TO_32_BIT_CONVERSION = YES;
				GCC_WARN_ABOUT_RETURN_TYPE = YES_ERROR;
				GCC_WARN_UNDECLARED_SELECTOR = YES;
				GCC_WARN_UNINITIALIZED_AUTOS = YES_AGGRESSIVE;
				GCC_WARN_UNUSED_FUNCTION = YES;
				GCC_WARN_UNUSED_VARIABLE = YES;
				IPHONEOS_DEPLOYMENT_TARGET = 17.2;
				LOCALIZATION_PREFERS_STRING_CATALOGS = YES;
				MTL_ENABLE_DEBUG_INFO = INCLUDE_SOURCE;
				MTL_FAST_MATH = YES;
				ONLY_ACTIVE_ARCH = YES;
				SDKROOT = iphoneos;
				SWIFT_ACTIVE_COMPILATION_CONDITIONS = "DEBUG $(inherited)";
				SWIFT_OPTIMIZATION_LEVEL = "-Onone";
			};
			name = Debug;
		};
		1770B0F72B641ADF000EF6A9 /* Release */ = {
			isa = XCBuildConfiguration;
			buildSettings = {
				ALWAYS_SEARCH_USER_PATHS = NO;
				ASSETCATALOG_COMPILER_GENERATE_SWIFT_ASSET_SYMBOL_EXTENSIONS = YES;
				CLANG_ANALYZER_NONNULL = YES;
				CLANG_ANALYZER_NUMBER_OBJECT_CONVERSION = YES_AGGRESSIVE;
				CLANG_CXX_LANGUAGE_STANDARD = "gnu++20";
				CLANG_ENABLE_MODULES = YES;
				CLANG_ENABLE_OBJC_ARC = YES;
				CLANG_ENABLE_OBJC_WEAK = YES;
				CLANG_WARN_BLOCK_CAPTURE_AUTORELEASING = YES;
				CLANG_WARN_BOOL_CONVERSION = YES;
				CLANG_WARN_COMMA = YES;
				CLANG_WARN_CONSTANT_CONVERSION = YES;
				CLANG_WARN_DEPRECATED_OBJC_IMPLEMENTATIONS = YES;
				CLANG_WARN_DIRECT_OBJC_ISA_USAGE = YES_ERROR;
				CLANG_WARN_DOCUMENTATION_COMMENTS = YES;
				CLANG_WARN_EMPTY_BODY = YES;
				CLANG_WARN_ENUM_CONVERSION = YES;
				CLANG_WARN_INFINITE_RECURSION = YES;
				CLANG_WARN_INT_CONVERSION = YES;
				CLANG_WARN_NON_LITERAL_NULL_CONVERSION = YES;
				CLANG_WARN_OBJC_IMPLICIT_RETAIN_SELF = YES;
				CLANG_WARN_OBJC_LITERAL_CONVERSION = YES;
				CLANG_WARN_OBJC_ROOT_CLASS = YES_ERROR;
				CLANG_WARN_QUOTED_INCLUDE_IN_FRAMEWORK_HEADER = YES;
				CLANG_WARN_RANGE_LOOP_ANALYSIS = YES;
				CLANG_WARN_STRICT_PROTOTYPES = YES;
				CLANG_WARN_SUSPICIOUS_MOVE = YES;
				CLANG_WARN_UNGUARDED_AVAILABILITY = YES_AGGRESSIVE;
				CLANG_WARN_UNREACHABLE_CODE = YES;
				CLANG_WARN__DUPLICATE_METHOD_MATCH = YES;
				COPY_PHASE_STRIP = NO;
				DEBUG_INFORMATION_FORMAT = "dwarf-with-dsym";
				ENABLE_NS_ASSERTIONS = NO;
				ENABLE_STRICT_OBJC_MSGSEND = YES;
				ENABLE_USER_SCRIPT_SANDBOXING = YES;
				GCC_C_LANGUAGE_STANDARD = gnu17;
				GCC_NO_COMMON_BLOCKS = YES;
				GCC_WARN_64_TO_32_BIT_CONVERSION = YES;
				GCC_WARN_ABOUT_RETURN_TYPE = YES_ERROR;
				GCC_WARN_UNDECLARED_SELECTOR = YES;
				GCC_WARN_UNINITIALIZED_AUTOS = YES_AGGRESSIVE;
				GCC_WARN_UNUSED_FUNCTION = YES;
				GCC_WARN_UNUSED_VARIABLE = YES;
				IPHONEOS_DEPLOYMENT_TARGET = 17.2;
				LOCALIZATION_PREFERS_STRING_CATALOGS = YES;
				MTL_ENABLE_DEBUG_INFO = NO;
				MTL_FAST_MATH = YES;
				SDKROOT = iphoneos;
				SWIFT_COMPILATION_MODE = wholemodule;
				VALIDATE_PRODUCT = YES;
			};
			name = Release;
		};
		1770B0F92B641ADF000EF6A9 /* Debug */ = {
			isa = XCBuildConfiguration;
			baseConfigurationReference = F46CA85534449E0A0685B037 /* Pods-Audio Book Player.debug.xcconfig */;
			buildSettings = {
				ASSETCATALOG_COMPILER_APPICON_NAME = AppIcon;
				ASSETCATALOG_COMPILER_GLOBAL_ACCENT_COLOR_NAME = AccentColor;
				CLANG_ENABLE_MODULES = YES;
				CODE_SIGN_IDENTITY = "Apple Development";
				CODE_SIGN_STYLE = Automatic;
				CURRENT_PROJECT_VERSION = 1;
				DEVELOPMENT_TEAM = "";
				ENABLE_USER_SCRIPT_SANDBOXING = NO;
				GENERATE_INFOPLIST_FILE = YES;
				INFOPLIST_FILE = "Audio Book Player/Info.plist";
				INFOPLIST_KEY_LSApplicationCategoryType = "public.app-category.music";
				INFOPLIST_KEY_UIApplicationSupportsIndirectInputEvents = YES;
				INFOPLIST_KEY_UILaunchStoryboardName = LaunchScreen;
				INFOPLIST_KEY_UIMainStoryboardFile = Main;
				INFOPLIST_KEY_UISupportedInterfaceOrientations_iPad = "UIInterfaceOrientationPortrait UIInterfaceOrientationPortraitUpsideDown UIInterfaceOrientationLandscapeLeft UIInterfaceOrientationLandscapeRight";
				INFOPLIST_KEY_UISupportedInterfaceOrientations_iPhone = "UIInterfaceOrientationPortrait UIInterfaceOrientationLandscapeLeft UIInterfaceOrientationLandscapeRight";
				IPHONEOS_DEPLOYMENT_TARGET = 13.0;
				LD_RUNPATH_SEARCH_PATHS = (
					"$(inherited)",
					"@executable_path/Frameworks",
				);
				MARKETING_VERSION = 1.0;
				PRODUCT_BUNDLE_IDENTIFIER = "tab.Audio-Book-Player";
				PRODUCT_NAME = "$(TARGET_NAME)";
				PROVISIONING_PROFILE_SPECIFIER = "";
				SUPPORTED_PLATFORMS = "iphoneos iphonesimulator";
				SUPPORTS_MACCATALYST = NO;
				SUPPORTS_XR_DESIGNED_FOR_IPHONE_IPAD = NO;
				SWIFT_EMIT_LOC_STRINGS = YES;
				SWIFT_OBJC_BRIDGING_HEADER = "server/Audio Book Player-Bridging-Header.h";
				SWIFT_OPTIMIZATION_LEVEL = "-Onone";
				SWIFT_VERSION = 5.0;
				TARGETED_DEVICE_FAMILY = "1,2";
			};
			name = Debug;
		};
		1770B0FA2B641ADF000EF6A9 /* Release */ = {
			isa = XCBuildConfiguration;
			baseConfigurationReference = ADFA7C9E1B106AB534C19F39 /* Pods-Audio Book Player.release.xcconfig */;
			buildSettings = {
				ASSETCATALOG_COMPILER_APPICON_NAME = AppIcon;
				ASSETCATALOG_COMPILER_GLOBAL_ACCENT_COLOR_NAME = AccentColor;
				CLANG_ENABLE_MODULES = YES;
				CODE_SIGN_STYLE = Manual;
				CURRENT_PROJECT_VERSION = 1;
				DEVELOPMENT_TEAM = "";
				ENABLE_USER_SCRIPT_SANDBOXING = NO;
				GENERATE_INFOPLIST_FILE = YES;
				INFOPLIST_FILE = "Audio Book Player/Info.plist";
				INFOPLIST_KEY_LSApplicationCategoryType = "public.app-category.music";
				INFOPLIST_KEY_UIApplicationSupportsIndirectInputEvents = YES;
				INFOPLIST_KEY_UILaunchStoryboardName = LaunchScreen;
				INFOPLIST_KEY_UIMainStoryboardFile = Main;
				INFOPLIST_KEY_UISupportedInterfaceOrientations_iPad = "UIInterfaceOrientationPortrait UIInterfaceOrientationPortraitUpsideDown UIInterfaceOrientationLandscapeLeft UIInterfaceOrientationLandscapeRight";
				INFOPLIST_KEY_UISupportedInterfaceOrientations_iPhone = "UIInterfaceOrientationPortrait UIInterfaceOrientationLandscapeLeft UIInterfaceOrientationLandscapeRight";
				IPHONEOS_DEPLOYMENT_TARGET = 13.0;
				LD_RUNPATH_SEARCH_PATHS = (
					"$(inherited)",
					"@executable_path/Frameworks",
				);
				MARKETING_VERSION = 1.0;
				PRODUCT_BUNDLE_IDENTIFIER = "tab.Audio-Book-Player";
				PRODUCT_NAME = "$(TARGET_NAME)";
				PROVISIONING_PROFILE_SPECIFIER = "";
				SUPPORTED_PLATFORMS = "iphoneos iphonesimulator";
				SUPPORTS_MACCATALYST = NO;
				SUPPORTS_XR_DESIGNED_FOR_IPHONE_IPAD = NO;
				SWIFT_EMIT_LOC_STRINGS = YES;
				SWIFT_OBJC_BRIDGING_HEADER = "server/Audio Book Player-Bridging-Header.h";
				SWIFT_VERSION = 5.0;
				TARGETED_DEVICE_FAMILY = "1,2";
			};
			name = Release;
		};
/* End XCBuildConfiguration section */

/* Begin XCConfigurationList section */
		1770B0DC2B641ADD000EF6A9 /* Build configuration list for PBXProject "Audio Book Player" */ = {
			isa = XCConfigurationList;
			buildConfigurations = (
				1770B0F62B641ADF000EF6A9 /* Debug */,
				1770B0F72B641ADF000EF6A9 /* Release */,
			);
			defaultConfigurationIsVisible = 0;
			defaultConfigurationName = Release;
		};
		1770B0F82B641ADF000EF6A9 /* Build configuration list for PBXNativeTarget "Audio Book Player" */ = {
			isa = XCConfigurationList;
			buildConfigurations = (
				1770B0F92B641ADF000EF6A9 /* Debug */,
				1770B0FA2B641ADF000EF6A9 /* Release */,
			);
			defaultConfigurationIsVisible = 0;
			defaultConfigurationName = Release;
		};
/* End XCConfigurationList section */
	};
	rootObject = 1770B0D92B641ADD000EF6A9 /* Project object */;
}
